// !$*UTF8*$!
{
	archiveVersion = 1;
	classes = {
	};
	objectVersion = 56;
	objects = {

/* Begin PBXBuildFile section */
		F4CD5E422C29518E00B94CEA /* AppDelegate.swift in Sources */ = {isa = PBXBuildFile; fileRef = F4CD5E412C29518E00B94CEA /* AppDelegate.swift */; };
		F4CD5E442C29518E00B94CEA /* SceneDelegate.swift in Sources */ = {isa = PBXBuildFile; fileRef = F4CD5E432C29518E00B94CEA /* SceneDelegate.swift */; };
		F4CD5E462C29518E00B94CEA /* LoginViewController.swift in Sources */ = {isa = PBXBuildFile; fileRef = F4CD5E452C29518E00B94CEA /* LoginViewController.swift */; };
		F4CD5E492C29518E00B94CEA /* Main.storyboard in Resources */ = {isa = PBXBuildFile; fileRef = F4CD5E472C29518E00B94CEA /* Main.storyboard */; };
		F4CD5E4B2C29519000B94CEA /* Assets.xcassets in Resources */ = {isa = PBXBuildFile; fileRef = F4CD5E4A2C29519000B94CEA /* Assets.xcassets */; };
		F4CD5E4E2C29519000B94CEA /* LaunchScreen.storyboard in Resources */ = {isa = PBXBuildFile; fileRef = F4CD5E4C2C29519000B94CEA /* LaunchScreen.storyboard */; };
		F4CD5E562C2951A200B94CEA /* AppCoordinator.swift in Sources */ = {isa = PBXBuildFile; fileRef = F4CD5E552C2951A200B94CEA /* AppCoordinator.swift */; };
		F4CD5E5A2C2A36BE00B94CEA /* LoginCoordinator.swift in Sources */ = {isa = PBXBuildFile; fileRef = F4CD5E592C2A36BE00B94CEA /* LoginCoordinator.swift */; };
		F4CD5E5D2C2A430300B94CEA /* MainViewController.swift in Sources */ = {isa = PBXBuildFile; fileRef = F4CD5E5C2C2A430300B94CEA /* MainViewController.swift */; };
		F4CD5E5F2C2A430F00B94CEA /* MainCoordinator.swift in Sources */ = {isa = PBXBuildFile; fileRef = F4CD5E5E2C2A430F00B94CEA /* MainCoordinator.swift */; };
/* End PBXBuildFile section */

/* Begin PBXFileReference section */
		F4CD5E3E2C29518E00B94CEA /* Ex_Coordinator.app */ = {isa = PBXFileReference; explicitFileType = wrapper.application; includeInIndex = 0; path = Ex_Coordinator.app; sourceTree = BUILT_PRODUCTS_DIR; };
		F4CD5E412C29518E00B94CEA /* AppDelegate.swift */ = {isa = PBXFileReference; lastKnownFileType = sourcecode.swift; path = AppDelegate.swift; sourceTree = "<group>"; };
		F4CD5E432C29518E00B94CEA /* SceneDelegate.swift */ = {isa = PBXFileReference; lastKnownFileType = sourcecode.swift; path = SceneDelegate.swift; sourceTree = "<group>"; };
		F4CD5E452C29518E00B94CEA /* LoginViewController.swift */ = {isa = PBXFileReference; lastKnownFileType = sourcecode.swift; path = LoginViewController.swift; sourceTree = "<group>"; };
		F4CD5E482C29518E00B94CEA /* Base */ = {isa = PBXFileReference; lastKnownFileType = file.storyboard; name = Base; path = Base.lproj/Main.storyboard; sourceTree = "<group>"; };
		F4CD5E4A2C29519000B94CEA /* Assets.xcassets */ = {isa = PBXFileReference; lastKnownFileType = folder.assetcatalog; path = Assets.xcassets; sourceTree = "<group>"; };
		F4CD5E4D2C29519000B94CEA /* Base */ = {isa = PBXFileReference; lastKnownFileType = file.storyboard; name = Base; path = Base.lproj/LaunchScreen.storyboard; sourceTree = "<group>"; };
		F4CD5E4F2C29519000B94CEA /* Info.plist */ = {isa = PBXFileReference; lastKnownFileType = text.plist.xml; path = Info.plist; sourceTree = "<group>"; };
		F4CD5E552C2951A200B94CEA /* AppCoordinator.swift */ = {isa = PBXFileReference; lastKnownFileType = sourcecode.swift; path = AppCoordinator.swift; sourceTree = "<group>"; };
		F4CD5E592C2A36BE00B94CEA /* LoginCoordinator.swift */ = {isa = PBXFileReference; lastKnownFileType = sourcecode.swift; path = LoginCoordinator.swift; sourceTree = "<group>"; };
		F4CD5E5C2C2A430300B94CEA /* MainViewController.swift */ = {isa = PBXFileReference; lastKnownFileType = sourcecode.swift; path = MainViewController.swift; sourceTree = "<group>"; };
		F4CD5E5E2C2A430F00B94CEA /* MainCoordinator.swift */ = {isa = PBXFileReference; lastKnownFileType = sourcecode.swift; path = MainCoordinator.swift; sourceTree = "<group>"; };
/* End PBXFileReference section */

/* Begin PBXFrameworksBuildPhase section */
		F4CD5E3B2C29518E00B94CEA /* Frameworks */ = {
			isa = PBXFrameworksBuildPhase;
			buildActionMask = 2147483647;
			files = (
			);
			runOnlyForDeploymentPostprocessing = 0;
		};
/* End PBXFrameworksBuildPhase section */

/* Begin PBXGroup section */
		F4CD5E352C29518E00B94CEA = {
			isa = PBXGroup;
			children = (
				F4CD5E402C29518E00B94CEA /* Ex_Coordinator */,
				F4CD5E3F2C29518E00B94CEA /* Products */,
			);
			sourceTree = "<group>";
		};
		F4CD5E3F2C29518E00B94CEA /* Products */ = {
			isa = PBXGroup;
			children = (
				F4CD5E3E2C29518E00B94CEA /* Ex_Coordinator.app */,
			);
			name = Products;
			sourceTree = "<group>";
		};
		F4CD5E402C29518E00B94CEA /* Ex_Coordinator */ = {
			isa = PBXGroup;
			children = (
				F4CD5E5B2C2A42F700B94CEA /* Main */,
				F4CD5E582C295AFA00B94CEA /* Login */,
				F4CD5E572C295AD900B94CEA /* Entry */,
				F4CD5E472C29518E00B94CEA /* Main.storyboard */,
				F4CD5E4A2C29519000B94CEA /* Assets.xcassets */,
				F4CD5E4C2C29519000B94CEA /* LaunchScreen.storyboard */,
				F4CD5E4F2C29519000B94CEA /* Info.plist */,
			);
			path = Ex_Coordinator;
			sourceTree = "<group>";
		};
		F4CD5E572C295AD900B94CEA /* Entry */ = {
			isa = PBXGroup;
			children = (
				F4CD5E412C29518E00B94CEA /* AppDelegate.swift */,
				F4CD5E432C29518E00B94CEA /* SceneDelegate.swift */,
				F4CD5E552C2951A200B94CEA /* AppCoordinator.swift */,
			);
			path = Entry;
			sourceTree = "<group>";
		};
		F4CD5E582C295AFA00B94CEA /* Login */ = {
			isa = PBXGroup;
			children = (
				F4CD5E452C29518E00B94CEA /* LoginViewController.swift */,
				F4CD5E592C2A36BE00B94CEA /* LoginCoordinator.swift */,
			);
			path = Login;
			sourceTree = "<group>";
		};
		F4CD5E5B2C2A42F700B94CEA /* Main */ = {
			isa = PBXGroup;
			children = (
				F4CD5E5C2C2A430300B94CEA /* MainViewController.swift */,
				F4CD5E5E2C2A430F00B94CEA /* MainCoordinator.swift */,
			);
			path = Main;
			sourceTree = "<group>";
		};
/* End PBXGroup section */

/* Begin PBXNativeTarget section */
		F4CD5E3D2C29518E00B94CEA /* Ex_Coordinator */ = {
			isa = PBXNativeTarget;
			buildConfigurationList = F4CD5E522C29519000B94CEA /* Build configuration list for PBXNativeTarget "Ex_Coordinator" */;
			buildPhases = (
				F4CD5E3A2C29518E00B94CEA /* Sources */,
				F4CD5E3B2C29518E00B94CEA /* Frameworks */,
				F4CD5E3C2C29518E00B94CEA /* Resources */,
			);
			buildRules = (
			);
			dependencies = (
			);
			name = Ex_Coordinator;
			productName = Ex_Coordinator;
			productReference = F4CD5E3E2C29518E00B94CEA /* Ex_Coordinator.app */;
			productType = "com.apple.product-type.application";
		};
/* End PBXNativeTarget section */

/* Begin PBXProject section */
		F4CD5E362C29518E00B94CEA /* Project object */ = {
			isa = PBXProject;
			attributes = {
				BuildIndependentTargetsInParallel = 1;
				LastSwiftUpdateCheck = 1520;
				LastUpgradeCheck = 1520;
				TargetAttributes = {
					F4CD5E3D2C29518E00B94CEA = {
						CreatedOnToolsVersion = 15.2;
					};
				};
			};
			buildConfigurationList = F4CD5E392C29518E00B94CEA /* Build configuration list for PBXProject "Ex_Coordinator" */;
			compatibilityVersion = "Xcode 14.0";
			developmentRegion = en;
			hasScannedForEncodings = 0;
			knownRegions = (
				en,
				Base,
			);
			mainGroup = F4CD5E352C29518E00B94CEA;
			productRefGroup = F4CD5E3F2C29518E00B94CEA /* Products */;
			projectDirPath = "";
			projectRoot = "";
			targets = (
				F4CD5E3D2C29518E00B94CEA /* Ex_Coordinator */,
			);
		};
/* End PBXProject section */

/* Begin PBXResourcesBuildPhase section */
		F4CD5E3C2C29518E00B94CEA /* Resources */ = {
			isa = PBXResourcesBuildPhase;
			buildActionMask = 2147483647;
			files = (
				F4CD5E4E2C29519000B94CEA /* LaunchScreen.storyboard in Resources */,
				F4CD5E4B2C29519000B94CEA /* Assets.xcassets in Resources */,
				F4CD5E492C29518E00B94CEA /* Main.storyboard in Resources */,
			);
			runOnlyForDeploymentPostprocessing = 0;
		};
/* End PBXResourcesBuildPhase section */

/* Begin PBXSourcesBuildPhase section */
		F4CD5E3A2C29518E00B94CEA /* Sources */ = {
			isa = PBXSourcesBuildPhase;
			buildActionMask = 2147483647;
			files = (
				F4CD5E562C2951A200B94CEA /* AppCoordinator.swift in Sources */,
				F4CD5E5F2C2A430F00B94CEA /* MainCoordinator.swift in Sources */,
				F4CD5E462C29518E00B94CEA /* LoginViewController.swift in Sources */,
				F4CD5E5A2C2A36BE00B94CEA /* LoginCoordinator.swift in Sources */,
				F4CD5E5D2C2A430300B94CEA /* MainViewController.swift in Sources */,
				F4CD5E422C29518E00B94CEA /* AppDelegate.swift in Sources */,
				F4CD5E442C29518E00B94CEA /* SceneDelegate.swift in Sources */,
			);
			runOnlyForDeploymentPostprocessing = 0;
		};
/* End PBXSourcesBuildPhase section */

/* Begin PBXVariantGroup section */
		F4CD5E472C29518E00B94CEA /* Main.storyboard */ = {
			isa = PBXVariantGroup;
			children = (
				F4CD5E482C29518E00B94CEA /* Base */,
			);
			name = Main.storyboard;
			sourceTree = "<group>";
		};
		F4CD5E4C2C29519000B94CEA /* LaunchScreen.storyboard */ = {
			isa = PBXVariantGroup;
			children = (
				F4CD5E4D2C29519000B94CEA /* Base */,
			);
			name = LaunchScreen.storyboard;
			sourceTree = "<group>";
		};
/* End PBXVariantGroup section */

/* Begin XCBuildConfiguration section */
		F4CD5E502C29519000B94CEA /* Debug */ = {
			isa = XCBuildConfiguration;
			buildSettings = {
				ALWAYS_SEARCH_USER_PATHS = NO;
				ASSETCATALOG_COMPILER_GENERATE_SWIFT_ASSET_SYMBOL_EXTENSIONS = YES;
				CLANG_ANALYZER_NONNULL = YES;
				CLANG_ANALYZER_NUMBER_OBJECT_CONVERSION = YES_AGGRESSIVE;
				CLANG_CXX_LANGUAGE_STANDARD = "gnu++20";
				CLANG_ENABLE_MODULES = YES;
				CLANG_ENABLE_OBJC_ARC = YES;
				CLANG_ENABLE_OBJC_WEAK = YES;
				CLANG_WARN_BLOCK_CAPTURE_AUTORELEASING = YES;
				CLANG_WARN_BOOL_CONVERSION = YES;
				CLANG_WARN_COMMA = YES;
				CLANG_WARN_CONSTANT_CONVERSION = YES;
				CLANG_WARN_DEPRECATED_OBJC_IMPLEMENTATIONS = YES;
				CLANG_WARN_DIRECT_OBJC_ISA_USAGE = YES_ERROR;
				CLANG_WARN_DOCUMENTATION_COMMENTS = YES;
				CLANG_WARN_EMPTY_BODY = YES;
				CLANG_WARN_ENUM_CONVERSION = YES;
				CLANG_WARN_INFINITE_RECURSION = YES;
				CLANG_WARN_INT_CONVERSION = YES;
				CLANG_WARN_NON_LITERAL_NULL_CONVERSION = YES;
				CLANG_WARN_OBJC_IMPLICIT_RETAIN_SELF = YES;
				CLANG_WARN_OBJC_LITERAL_CONVERSION = YES;
				CLANG_WARN_OBJC_ROOT_CLASS = YES_ERROR;
				CLANG_WARN_QUOTED_INCLUDE_IN_FRAMEWORK_HEADER = YES;
				CLANG_WARN_RANGE_LOOP_ANALYSIS = YES;
				CLANG_WARN_STRICT_PROTOTYPES = YES;
				CLANG_WARN_SUSPICIOUS_MOVE = YES;
				CLANG_WARN_UNGUARDED_AVAILABILITY = YES_AGGRESSIVE;
				CLANG_WARN_UNREACHABLE_CODE = YES;
				CLANG_WARN__DUPLICATE_METHOD_MATCH = YES;
				COPY_PHASE_STRIP = NO;
				DEBUG_INFORMATION_FORMAT = dwarf;
				ENABLE_STRICT_OBJC_MSGSEND = YES;
				ENABLE_TESTABILITY = YES;
				ENABLE_USER_SCRIPT_SANDBOXING = YES;
				GCC_C_LANGUAGE_STANDARD = gnu17;
				GCC_DYNAMIC_NO_PIC = NO;
				GCC_NO_COMMON_BLOCKS = YES;
				GCC_OPTIMIZATION_LEVEL = 0;
				GCC_PREPROCESSOR_DEFINITIONS = (
					"DEBUG=1",
					"$(inherited)",
				);
				GCC_WARN_64_TO_32_BIT_CONVERSION = YES;
				GCC_WARN_ABOUT_RETURN_TYPE = YES_ERROR;
				GCC_WARN_UNDECLARED_SELECTOR = YES;
				GCC_WARN_UNINITIALIZED_AUTOS = YES_AGGRESSIVE;
				GCC_WARN_UNUSED_FUNCTION = YES;
				GCC_WARN_UNUSED_VARIABLE = YES;
				IPHONEOS_DEPLOYMENT_TARGET = 17.2;
				LOCALIZATION_PREFERS_STRING_CATALOGS = YES;
				MTL_ENABLE_DEBUG_INFO = INCLUDE_SOURCE;
				MTL_FAST_MATH = YES;
				ONLY_ACTIVE_ARCH = YES;
				SDKROOT = iphoneos;
				SWIFT_ACTIVE_COMPILATION_CONDITIONS = "DEBUG $(inherited)";
				SWIFT_OPTIMIZATION_LEVEL = "-Onone";
			};
			name = Debug;
		};
		F4CD5E512C29519000B94CEA /* Release */ = {
			isa = XCBuildConfiguration;
			buildSettings = {
				ALWAYS_SEARCH_USER_PATHS = NO;
				ASSETCATALOG_COMPILER_GENERATE_SWIFT_ASSET_SYMBOL_EXTENSIONS = YES;
				CLANG_ANALYZER_NONNULL = YES;
				CLANG_ANALYZER_NUMBER_OBJECT_CONVERSION = YES_AGGRESSIVE;
				CLANG_CXX_LANGUAGE_STANDARD = "gnu++20";
				CLANG_ENABLE_MODULES = YES;
				CLANG_ENABLE_OBJC_ARC = YES;
				CLANG_ENABLE_OBJC_WEAK = YES;
				CLANG_WARN_BLOCK_CAPTURE_AUTORELEASING = YES;
				CLANG_WARN_BOOL_CONVERSION = YES;
				CLANG_WARN_COMMA = YES;
				CLANG_WARN_CONSTANT_CONVERSION = YES;
				CLANG_WARN_DEPRECATED_OBJC_IMPLEMENTATIONS = YES;
				CLANG_WARN_DIRECT_OBJC_ISA_USAGE = YES_ERROR;
				CLANG_WARN_DOCUMENTATION_COMMENTS = YES;
				CLANG_WARN_EMPTY_BODY = YES;
				CLANG_WARN_ENUM_CONVERSION = YES;
				CLANG_WARN_INFINITE_RECURSION = YES;
				CLANG_WARN_INT_CONVERSION = YES;
				CLANG_WARN_NON_LITERAL_NULL_CONVERSION = YES;
				CLANG_WARN_OBJC_IMPLICIT_RETAIN_SELF = YES;
				CLANG_WARN_OBJC_LITERAL_CONVERSION = YES;
				CLANG_WARN_OBJC_ROOT_CLASS = YES_ERROR;
				CLANG_WARN_QUOTED_INCLUDE_IN_FRAMEWORK_HEADER = YES;
				CLANG_WARN_RANGE_LOOP_ANALYSIS = YES;
				CLANG_WARN_STRICT_PROTOTYPES = YES;
				CLANG_WARN_SUSPICIOUS_MOVE = YES;
				CLANG_WARN_UNGUARDED_AVAILABILITY = YES_AGGRESSIVE;
				CLANG_WARN_UNREACHABLE_CODE = YES;
				CLANG_WARN__DUPLICATE_METHOD_MATCH = YES;
				COPY_PHASE_STRIP = NO;
				DEBUG_INFORMATION_FORMAT = "dwarf-with-dsym";
				ENABLE_NS_ASSERTIONS = NO;
				ENABLE_STRICT_OBJC_MSGSEND = YES;
				ENABLE_USER_SCRIPT_SANDBOXING = YES;
				GCC_C_LANGUAGE_STANDARD = gnu17;
				GCC_NO_COMMON_BLOCKS = YES;
				GCC_WARN_64_TO_32_BIT_CONVERSION = YES;
				GCC_WARN_ABOUT_RETURN_TYPE = YES_ERROR;
				GCC_WARN_UNDECLARED_SELECTOR = YES;
				GCC_WARN_UNINITIALIZED_AUTOS = YES_AGGRESSIVE;
				GCC_WARN_UNUSED_FUNCTION = YES;
				GCC_WARN_UNUSED_VARIABLE = YES;
				IPHONEOS_DEPLOYMENT_TARGET = 17.2;
				LOCALIZATION_PREFERS_STRING_CATALOGS = YES;
				MTL_ENABLE_DEBUG_INFO = NO;
				MTL_FAST_MATH = YES;
				SDKROOT = iphoneos;
				SWIFT_COMPILATION_MODE = wholemodule;
				VALIDATE_PRODUCT = YES;
			};
			name = Release;
		};
		F4CD5E532C29519000B94CEA /* Debug */ = {
			isa = XCBuildConfiguration;
			buildSettings = {
				ASSETCATALOG_COMPILER_APPICON_NAME = AppIcon;
				ASSETCATALOG_COMPILER_GLOBAL_ACCENT_COLOR_NAME = AccentColor;
				CODE_SIGN_STYLE = Automatic;
				CURRENT_PROJECT_VERSION = 1;
				DEVELOPMENT_TEAM = ZW2QN4NJR6;
				GENERATE_INFOPLIST_FILE = YES;
				INFOPLIST_FILE = Ex_Coordinator/Info.plist;
				INFOPLIST_KEY_UIApplicationSupportsIndirectInputEvents = YES;
				INFOPLIST_KEY_UILaunchStoryboardName = LaunchScreen;
				INFOPLIST_KEY_UIMainStoryboardFile = Main;
				INFOPLIST_KEY_UISupportedInterfaceOrientations_iPad = "UIInterfaceOrientationPortrait UIInterfaceOrientationPortraitUpsideDown UIInterfaceOrientationLandscapeLeft UIInterfaceOrientationLandscapeRight";
				INFOPLIST_KEY_UISupportedInterfaceOrientations_iPhone = "UIInterfaceOrientationPortrait UIInterfaceOrientationLandscapeLeft UIInterfaceOrientationLandscapeRight";
				LD_RUNPATH_SEARCH_PATHS = (
					"$(inherited)",
					"@executable_path/Frameworks",
				);
				MARKETING_VERSION = 1.0;
				PRODUCT_BUNDLE_IDENTIFIER = "Ex-Coordinator.Ex-Coordinator";
				PRODUCT_NAME = "$(TARGET_NAME)";
				SWIFT_EMIT_LOC_STRINGS = YES;
				SWIFT_VERSION = 5.0;
				TARGETED_DEVICE_FAMILY = "1,2";
			};
			name = Debug;
		};
		F4CD5E542C29519000B94CEA /* Release */ = {
			isa = XCBuildConfiguration;
			buildSettings = {
				ASSETCATALOG_COMPILER_APPICON_NAME = AppIcon;
				ASSETCATALOG_COMPILER_GLOBAL_ACCENT_COLOR_NAME = AccentColor;
				CODE_SIGN_STYLE = Automatic;
				CURRENT_PROJECT_VERSION = 1;
				DEVELOPMENT_TEAM = ZW2QN4NJR6;
				GENERATE_INFOPLIST_FILE = YES;
				INFOPLIST_FILE = Ex_Coordinator/Info.plist;
				INFOPLIST_KEY_UIApplicationSupportsIndirectInputEvents = YES;
				INFOPLIST_KEY_UILaunchStoryboardName = LaunchScreen;
				INFOPLIST_KEY_UIMainStoryboardFile = Main;
				INFOPLIST_KEY_UISupportedInterfaceOrientations_iPad = "UIInterfaceOrientationPortrait UIInterfaceOrientationPortraitUpsideDown UIInterfaceOrientationLandscapeLeft UIInterfaceOrientationLandscapeRight";
				INFOPLIST_KEY_UISupportedInterfaceOrientations_iPhone = "UIInterfaceOrientationPortrait UIInterfaceOrientationLandscapeLeft UIInterfaceOrientationLandscapeRight";
				LD_RUNPATH_SEARCH_PATHS = (
					"$(inherited)",
					"@executable_path/Frameworks",
				);
				MARKETING_VERSION = 1.0;
				PRODUCT_BUNDLE_IDENTIFIER = "Ex-Coordinator.Ex-Coordinator";
				PRODUCT_NAME = "$(TARGET_NAME)";
				SWIFT_EMIT_LOC_STRINGS = YES;
				SWIFT_VERSION = 5.0;
				TARGETED_DEVICE_FAMILY = "1,2";
			};
			name = Release;
		};
/* End XCBuildConfiguration section */

/* Begin XCConfigurationList section */
		F4CD5E392C29518E00B94CEA /* Build configuration list for PBXProject "Ex_Coordinator" */ = {
			isa = XCConfigurationList;
			buildConfigurations = (
				F4CD5E502C29519000B94CEA /* Debug */,
				F4CD5E512C29519000B94CEA /* Release */,
			);
			defaultConfigurationIsVisible = 0;
			defaultConfigurationName = Release;
		};
		F4CD5E522C29519000B94CEA /* Build configuration list for PBXNativeTarget "Ex_Coordinator" */ = {
			isa = XCConfigurationList;
			buildConfigurations = (
				F4CD5E532C29519000B94CEA /* Debug */,
				F4CD5E542C29519000B94CEA /* Release */,
			);
			defaultConfigurationIsVisible = 0;
			defaultConfigurationName = Release;
		};
/* End XCConfigurationList section */
	};
	rootObject = F4CD5E362C29518E00B94CEA /* Project object */;
}
